# This file is autogenerated, do not edit; changes may be undone by the next 'dep ensure'.


[[projects]]
  branch = "master"
  digest = "1:a621cf5671d76af0f66731e0de94a441971315845d0b228601c04b1e0a329b01"
  name = "github.com/AlekSi/gocov-xml"
  packages = ["."]
  pruneopts = ""
  revision = "dee33fe4b4adad5fdcad993f498fb4450d5be0a1"

[[projects]]
  digest = "1:0df377184583929dc6e7cb503d6671ed41e1a013a4c870304bf3215a5ef721f0"
  name = "github.com/alecthomas/gometalinter"
  packages = ["."]
  pruneopts = ""
  revision = "17a7ffa42374937bfecabfb8d2efbd4db0c26741"
  version = "v2.0.11"

[[projects]]
  branch = "master"
  digest = "1:8483994d21404c8a1d489f6be756e25bfccd3b45d65821f25695577791a08e68"
  name = "github.com/alecthomas/units"
  packages = ["."]
  pruneopts = ""
  revision = "2efee857e7cfd4f3d0138cc3cbb1b4966962b93a"

[[projects]]
  digest = "1:cfaea6aa94f9ab5bfa3afc8c542e272d23dfc4532567f7556c7db37211e64811"
  name = "github.com/apourchet/commander"
  packages = [
    ".",
    "utils",
  ]
  pruneopts = ""
  revision = "670d0a616b3fc1ceb736513b55876a0cbf744bbc"
  version = "v1.4.9"

[[projects]]
  branch = "master"
  digest = "1:9058597b266993ad136b22ffd05a53a47afc5c19ce3e4d5a2ed6da19406eead6"
  name = "github.com/axw/gocov"
  packages = [
    ".",
    "gocov",
    "gocov/internal/testflag",
    "gocovutil",
  ]
  pruneopts = ""
  revision = "3a69a0d2a4ef1f263e2d92b041a69593d6964fe8"

[[projects]]
  digest = "1:dbf28ceee27335219701dd4c6639c767eee31e2abb61485cdb1044587a04c077"
  name = "github.com/client9/misspell"
  packages = [
    ".",
    "cmd/misspell",
  ]
  pruneopts = ""
  revision = "b90dc15cfd220ecf8bbc9043ecb928cef381f011"
  version = "v0.3.4"

[[projects]]
  digest = "1:73a7106c799f98af4f3da7552906efc6a2570329f4cd2d2f5fb8f9d6c053ff2f"
  name = "github.com/golang/mock"
  packages = [
    "gomock",
    "mockgen",
    "mockgen/model",
  ]
  pruneopts = ""
  revision = "c34cdb4725f4c3844d095133c6e40e448b86589b"
  version = "v1.1.1"

[[projects]]
  branch = "master"
  digest = "1:d0899ec7c2f61fd5e4ccba7dbefe72e366a3ecce23ecdb982c768fa1d38812fb"
  name = "github.com/google/shlex"
  packages = ["."]
  pruneopts = ""
  revision = "c34317bd91bf98fab745d77b03933cf8769299fe"

[[projects]]
  digest = "1:e4037684bfd5b44c7304d42fd91ec5d04e1e82e7d51c0c1acb249137334fc4e5"
  name = "github.com/matm/gocov-html"
  packages = [
    ".",
    "cov",
  ]
  pruneopts = ""
  revision = "b72939949367438bf52c0cf976f22daa6777b509"
  version = "v1.1"

[[projects]]
  digest = "1:9fa4a4a684dfb36f3ba1b0a163225140e19e3219e5576d0761d02dbd4c31b743"
  name = "github.com/nicksnyder/go-i18n"
  packages = [
    "i18n",
    "i18n/bundle",
    "i18n/language",
    "i18n/translation",
  ]
  pruneopts = ""
  revision = "0dc1626d56435e9d605a29875701721c54bc9bbd"
  version = "v1.10.0"

[[projects]]
  digest = "1:894aef961c056b6d85d12bac890bf60c44e99b46292888bfa66caf529f804457"
  name = "github.com/pelletier/go-toml"
  packages = ["."]
  pruneopts = ""
  revision = "c01d1270ff3e442a8a57cddc1c92dc1138598194"
  version = "v1.2.0"

[[projects]]
  digest = "1:7365acd48986e205ccb8652cc746f09c8b7876030d53710ea6ef7d0bd0dcd7ca"
  name = "github.com/pkg/errors"
  packages = ["."]
  pruneopts = ""
  revision = "645ef00459ed84a119197bfb8d8205042c6df63d"
  version = "v0.8.0"

[[projects]]
  digest = "1:75670166da7507e1a6c7a19e6243cfd48177bcc666d3033633144c314b7484d4"
  name = "github.com/uber/makisu"
  packages = ["lib/log"]
  pruneopts = ""
  revision = "74e9b383b39ef4562a7e9a86f7815096b04acbde"
  version = "v0.1.3"

[[projects]]
  digest = "1:74f86c458e82e1c4efbab95233e0cf51b7cc02dc03193be9f62cd81224e10401"
  name = "go.uber.org/atomic"
  packages = ["."]
  pruneopts = ""
  revision = "1ea20fb1cbb1cc08cbd0d913a96dead89aa18289"
  version = "v1.3.2"

[[projects]]
  digest = "1:22c7effcb4da0eacb2bb1940ee173fac010e9ef3c691f5de4b524d538bd980f5"
  name = "go.uber.org/multierr"
  packages = ["."]
  pruneopts = ""
  revision = "3c4937480c32f4c13a875a1829af76c98ca3d40a"
  version = "v1.1.0"

[[projects]]
  digest = "1:246f378f80fba6fcf0f191c486b6613265abd2bc0f2fa55a36b928c67352021e"
  name = "go.uber.org/zap"
  packages = [
    ".",
    "buffer",
    "internal/bufferpool",
    "internal/color",
    "internal/exit",
    "zapcore",
  ]
  pruneopts = ""
  revision = "ff33455a0e382e8a81d14dd7c922020b6b5e7982"
  version = "v1.9.1"

[[projects]]
  branch = "master"
  digest = "1:faf4a89010f1940f893c33690418a1b05f25ce4d7c849fe677ca15621c08a1fd"
  name = "golang.org/x/lint"
  packages = [
    ".",
    "golint",
  ]
  pruneopts = ""
  revision = "c67002cb31c3a748b7688c27f20d8358b4193582"

[[projects]]
  branch = "master"
  digest = "1:ea539c13b066dac72a940b62f37600a20ab8e88057397c78f3197c1a48475425"
  name = "golang.org/x/net"
  packages = ["context"]
  pruneopts = ""
  revision = "351d144fa1fc0bd934e2408202be0c29f25e35a0"

[[projects]]
  branch = "master"
  digest = "1:9071976f4fc98ca7f974603b7606718a4e00893b10670f92e28aec681dfa20bb"
  name = "golang.org/x/tools"
  packages = [
    "cmd/goimports",
    "cover",
    "go/ast/astutil",
    "go/gcexportdata",
    "go/internal/gcimporter",
    "go/types/typeutil",
    "imports",
    "internal/fastwalk",
    "internal/gopathwalk",
  ]
  pruneopts = ""
  revision = "22934f0fdb6201c132a3dc6120150dcb1646d74c"

[[projects]]
  branch = "v3-unstable"
  digest = "1:7c4ffda5286eb300da092725594bcab1d204798f5a30c48336c8e5750d405352"
  name = "gopkg.in/alecthomas/kingpin.v3-unstable"
  packages = ["."]
  pruneopts = ""
  revision = "df19058c872cddcd279411d709047160e543a700"

[[projects]]
  digest = "1:cedccf16b71e86db87a24f8d4c70b0a855872eb967cb906a66b95de56aefbd0d"
  name = "gopkg.in/yaml.v2"
  packages = ["."]
  pruneopts = ""
  revision = "51d6538a90f86fe93ac480b35f37b2be17fef232"
  version = "v2.2.2"

[solve-meta]
  analyzer-name = "dep"
  analyzer-version = 1
  input-imports = [
    "github.com/AlekSi/gocov-xml",
    "github.com/alecthomas/gometalinter",
    "github.com/apourchet/commander",
    "github.com/axw/gocov/gocov",
    "github.com/client9/misspell/cmd/misspell",
    "github.com/golang/mock/gomock",
    "github.com/golang/mock/mockgen",
    "github.com/matm/gocov-html",
    "github.com/uber/makisu/lib/log",
    "go.uber.org/atomic",
    "golang.org/x/lint/golint",
    "golang.org/x/tools/cmd/goimports",
  ]
  solver-name = "gps-cdcl"
  solver-version = 1
